
Microsoft Visual Studio Solution File, Format Version 12.00
# Visual Studio 15
VisualStudioVersion = 15.0.27703.2042
MinimumVisualStudioVersion = 10.0.40219.1
Project("{9A19103F-16F7-4668-BE54-9A1E7A4F7556}") = "KnxSign", "src\KnxSign\KnxSign.csproj", "{BAD11F01-6ABD-494E-983B-98B8C796F8F2}"
EndProject
Project("{9A19103F-16F7-4668-BE54-9A1E7A4F7556}") = "KnxSign.Cli", "src\KnxSign.Cli\KnxSign.Cli.csproj", "{92D8A7FB-CB19-498F-9F4A-5A5E058797D0}"
EndProject
Project("{9A19103F-16F7-4668-BE54-9A1E7A4F7556}") = "KnxSign.Gui", "src\KnxSign.Gui\KnxSign.Gui.csproj", "{2443800B-EDB3-4DEF-9D90-3C565D7AC812}"
EndProject
Global
	GlobalSection(SolutionConfigurationPlatforms) = preSolution
		Debug|Any CPU = Debug|Any CPU
		Release|Any CPU = Release|Any CPU
	EndGlobalSection
	GlobalSection(ProjectConfigurationPlatforms) = postSolution
		{BAD11F01-6ABD-494E-983B-98B8C796F8F2}.Debug|Any CPU.ActiveCfg = Debug|Any CPU
		{BAD11F01-6ABD-494E-983B-98B8C796F8F2}.Debug|Any CPU.Build.0 = Debug|Any CPU
		{BAD11F01-6ABD-494E-983B-98B8C796F8F2}.Release|Any CPU.ActiveCfg = Release|Any CPU
		{BAD11F01-6ABD-494E-983B-98B8C796F8F2}.Release|Any CPU.Build.0 = Release|Any CPU
		{92D8A7FB-CB19-498F-9F4A-5A5E058797D0}.Debug|Any CPU.ActiveCfg = Debug|Any CPU
		{92D8A7FB-CB19-498F-9F4A-5A5E058797D0}.Debug|Any CPU.Build.0 = Debug|Any CPU
		{92D8A7FB-CB19-498F-9F4A-5A5E058797D0}.Release|Any CPU.ActiveCfg = Release|Any CPU
		{92D8A7FB-CB19-498F-9F4A-5A5E058797D0}.Release|Any CPU.Build.0 = Release|Any CPU
		{2443800B-EDB3-4DEF-9D90-3C565D7AC812}.Debug|Any CPU.ActiveCfg = Debug|Any CPU
		{2443800B-EDB3-4DEF-9D90-3C565D7AC812}.Debug|Any CPU.Build.0 = Debug|Any CPU
		{2443800B-EDB3-4DEF-9D90-3C565D7AC812}.Release|Any CPU.ActiveCfg = Release|Any CPU
		{2443800B-EDB3-4DEF-9D90-3C565D7AC812}.Release|Any CPU.Build.0 = Release|Any CPU
	EndGlobalSection
	GlobalSection(SolutionProperties) = preSolution
		HideSolutionNode = FALSE
	EndGlobalSection
	GlobalSection(ExtensibilityGlobals) = postSolution
		SolutionGuid = {41B8B3E4-8AC6-4D0F-9831-380C8E15D334}
	EndGlobalSection
EndGlobal
